
Microsoft Visual Studio Solution File, Format Version 12.00
# Visual Studio Version 17
VisualStudioVersion = 17.4.33403.182
MinimumVisualStudioVersion = 10.0.40219.1
Project("{FAE04EC0-301F-11D3-BF4B-00C04F79EFBC}") = "1. Two Sum", "1. Two Sum.csproj", "{0F03F30E-A579-4FC9-8C13-B8ED8E565EA3}"
EndProject
Global
	GlobalSection(SolutionConfigurationPlatforms) = preSolution
		Debug|Any CPU = Debug|Any CPU
		Release|Any CPU = Release|Any CPU
	EndGlobalSection
	GlobalSection(ProjectConfigurationPlatforms) = postSolution
		{0F03F30E-A579-4FC9-8C13-B8ED8E565EA3}.Debug|Any CPU.ActiveCfg = Debug|Any CPU
		{0F03F30E-A579-4FC9-8C13-B8ED8E565EA3}.Debug|Any CPU.Build.0 = Debug|Any CPU
		{0F03F30E-A579-4FC9-8C13-B8ED8E565EA3}.Release|Any CPU.ActiveCfg = Release|Any CPU
		{0F03F30E-A579-4FC9-8C13-B8ED8E565EA3}.Release|Any CPU.Build.0 = Release|Any CPU
	EndGlobalSection
	GlobalSection(SolutionProperties) = preSolution
		HideSolutionNode = FALSE
	EndGlobalSection
	GlobalSection(ExtensibilityGlobals) = postSolution
		SolutionGuid = {8EAE25DB-ADC6-4BAC-8DA9-367D42BFB806}
	EndGlobalSection
EndGlobal
