
Microsoft Visual Studio Solution File, Format Version 12.00
# Visual Studio Version 17
VisualStudioVersion = 17.4.33403.182
MinimumVisualStudioVersion = 10.0.40219.1
Project("{FAE04EC0-301F-11D3-BF4B-00C04F79EFBC}") = "1232. Check If It Is a Straight Line", "1232. Check If It Is a Straight Line.csproj", "{7B1B0667-055B-4CB6-AA7C-627AC1D66DDE}"
EndProject
Global
	GlobalSection(SolutionConfigurationPlatforms) = preSolution
		Debug|Any CPU = Debug|Any CPU
		Release|Any CPU = Release|Any CPU
	EndGlobalSection
	GlobalSection(ProjectConfigurationPlatforms) = postSolution
		{7B1B0667-055B-4CB6-AA7C-627AC1D66DDE}.Debug|Any CPU.ActiveCfg = Debug|Any CPU
		{7B1B0667-055B-4CB6-AA7C-627AC1D66DDE}.Debug|Any CPU.Build.0 = Debug|Any CPU
		{7B1B0667-055B-4CB6-AA7C-627AC1D66DDE}.Release|Any CPU.ActiveCfg = Release|Any CPU
		{7B1B0667-055B-4CB6-AA7C-627AC1D66DDE}.Release|Any CPU.Build.0 = Release|Any CPU
	EndGlobalSection
	GlobalSection(SolutionProperties) = preSolution
		HideSolutionNode = FALSE
	EndGlobalSection
	GlobalSection(ExtensibilityGlobals) = postSolution
		SolutionGuid = {DC7F5B55-ADFD-44D0-BA0E-3F5E87694ED4}
	EndGlobalSection
EndGlobal
