
Microsoft Visual Studio Solution File, Format Version 12.00
# Visual Studio Version 17
VisualStudioVersion = 17.4.33403.182
MinimumVisualStudioVersion = 10.0.40219.1
Project("{FAE04EC0-301F-11D3-BF4B-00C04F79EFBC}") = "20. Valid Parentheses1", "20. Valid Parentheses1.csproj", "{FC1EB391-A708-46BA-9DDA-D6EE9D840CE9}"
EndProject
Global
	GlobalSection(SolutionConfigurationPlatforms) = preSolution
		Debug|Any CPU = Debug|Any CPU
		Release|Any CPU = Release|Any CPU
	EndGlobalSection
	GlobalSection(ProjectConfigurationPlatforms) = postSolution
		{FC1EB391-A708-46BA-9DDA-D6EE9D840CE9}.Debug|Any CPU.ActiveCfg = Debug|Any CPU
		{FC1EB391-A708-46BA-9DDA-D6EE9D840CE9}.Debug|Any CPU.Build.0 = Debug|Any CPU
		{FC1EB391-A708-46BA-9DDA-D6EE9D840CE9}.Release|Any CPU.ActiveCfg = Release|Any CPU
		{FC1EB391-A708-46BA-9DDA-D6EE9D840CE9}.Release|Any CPU.Build.0 = Release|Any CPU
	EndGlobalSection
	GlobalSection(SolutionProperties) = preSolution
		HideSolutionNode = FALSE
	EndGlobalSection
	GlobalSection(ExtensibilityGlobals) = postSolution
		SolutionGuid = {7B9E4DC8-DBF8-42EC-A025-E4EC97EC16DA}
	EndGlobalSection
EndGlobal
